
Microsoft Visual Studio Solution File, Format Version 12.00
# Visual Studio Version 17
VisualStudioVersion = 17.8.34330.188
MinimumVisualStudioVersion = 10.0.40219.1
Project("{FAE04EC0-301F-11D3-BF4B-00C04F79EFBC}") = "PaganismArchive", "PaganismArchive\PaganismArchive.csproj", "{92A5D250-ABAA-46EB-9480-52A32F6A17B4}"
EndProject
Project("{FAE04EC0-301F-11D3-BF4B-00C04F79EFBC}") = "PaganismCustomConsole", "PaganismCustomConsole\PaganismCustomConsole.csproj", "{EEA51701-32DA-4313-B7DF-8F6F0AC3D806}"
EndProject
Global
	GlobalSection(SolutionConfigurationPlatforms) = preSolution
		Debug|Any CPU = Debug|Any CPU
		Debug|x64 = Debug|x64
		Release|Any CPU = Release|Any CPU
		Release|x64 = Release|x64
	EndGlobalSection
	GlobalSection(ProjectConfigurationPlatforms) = postSolution
		{92A5D250-ABAA-46EB-9480-52A32F6A17B4}.Debug|Any CPU.ActiveCfg = Debug|Any CPU
		{92A5D250-ABAA-46EB-9480-52A32F6A17B4}.Debug|Any CPU.Build.0 = Debug|Any CPU
		{92A5D250-ABAA-46EB-9480-52A32F6A17B4}.Debug|x64.ActiveCfg = Debug|x64
		{92A5D250-ABAA-46EB-9480-52A32F6A17B4}.Debug|x64.Build.0 = Debug|x64
		{92A5D250-ABAA-46EB-9480-52A32F6A17B4}.Release|Any CPU.ActiveCfg = Release|Any CPU
		{92A5D250-ABAA-46EB-9480-52A32F6A17B4}.Release|Any CPU.Build.0 = Release|Any CPU
		{92A5D250-ABAA-46EB-9480-52A32F6A17B4}.Release|x64.ActiveCfg = Release|x64
		{92A5D250-ABAA-46EB-9480-52A32F6A17B4}.Release|x64.Build.0 = Release|x64
		{EEA51701-32DA-4313-B7DF-8F6F0AC3D806}.Debug|Any CPU.ActiveCfg = Debug|Any CPU
		{EEA51701-32DA-4313-B7DF-8F6F0AC3D806}.Debug|Any CPU.Build.0 = Debug|Any CPU
		{EEA51701-32DA-4313-B7DF-8F6F0AC3D806}.Debug|x64.ActiveCfg = Debug|Any CPU
		{EEA51701-32DA-4313-B7DF-8F6F0AC3D806}.Debug|x64.Build.0 = Debug|Any CPU
		{EEA51701-32DA-4313-B7DF-8F6F0AC3D806}.Release|Any CPU.ActiveCfg = Release|Any CPU
		{EEA51701-32DA-4313-B7DF-8F6F0AC3D806}.Release|Any CPU.Build.0 = Release|Any CPU
		{EEA51701-32DA-4313-B7DF-8F6F0AC3D806}.Release|x64.ActiveCfg = Release|Any CPU
		{EEA51701-32DA-4313-B7DF-8F6F0AC3D806}.Release|x64.Build.0 = Release|Any CPU
	EndGlobalSection
	GlobalSection(SolutionProperties) = preSolution
		HideSolutionNode = FALSE
	EndGlobalSection
	GlobalSection(ExtensibilityGlobals) = postSolution
		SolutionGuid = {5B1751E8-08FC-49DD-A0E4-6CEC2DDEE0B6}
	EndGlobalSection
EndGlobal
